
Microsoft Visual Studio Solution File, Format Version 12.00
# Visual Studio Version 17
VisualStudioVersion = 17.11.35303.130
MinimumVisualStudioVersion = 10.0.40219.1
Project("{FAE04EC0-301F-11D3-BF4B-00C04F79EFBC}") = "MauiRPNCalculator", "MauiRPNCalculator.csproj", "{2221DA55-5427-4872-8D9C-C6B0AE7F4052}"
EndProject
Global
	GlobalSection(SolutionConfigurationPlatforms) = preSolution
		Debug|Any CPU = Debug|Any CPU
		Release|Any CPU = Release|Any CPU
	EndGlobalSection
	GlobalSection(ProjectConfigurationPlatforms) = postSolution
		{2221DA55-5427-4872-8D9C-C6B0AE7F4052}.Debug|Any CPU.ActiveCfg = Debug|Any CPU
		{2221DA55-5427-4872-8D9C-C6B0AE7F4052}.Debug|Any CPU.Build.0 = Debug|Any CPU
		{2221DA55-5427-4872-8D9C-C6B0AE7F4052}.Debug|Any CPU.Deploy.0 = Debug|Any CPU
		{2221DA55-5427-4872-8D9C-C6B0AE7F4052}.Release|Any CPU.ActiveCfg = Release|Any CPU
		{2221DA55-5427-4872-8D9C-C6B0AE7F4052}.Release|Any CPU.Build.0 = Release|Any CPU
		{2221DA55-5427-4872-8D9C-C6B0AE7F4052}.Release|Any CPU.Deploy.0 = Release|Any CPU
	EndGlobalSection
	GlobalSection(SolutionProperties) = preSolution
		HideSolutionNode = FALSE
	EndGlobalSection
	GlobalSection(ExtensibilityGlobals) = postSolution
		SolutionGuid = {F0DFE51E-6D7C-4758-817D-B08887D69ECE}
	EndGlobalSection
EndGlobal
